# This file is automatically @generated by Cargo.
# It is not intended for manual editing.
version = 4

[[package]]
name = "array2d"
version = "0.3.2"
source = "registry+https://github.com/rust-lang/crates.io-index"
checksum = "d8b39cb2c1bf5a7c0dd097aa95ab859cf87dab5a4328900f5388942dc1889f74"

[[package]]
name = "day6"
version = "0.1.0"
dependencies = [
 "array2d",
]
